# This file is autogenerated, do not edit; changes may be undone by the next 'dep ensure'.


[[projects]]
  name = "github.com/google/uuid"
  packages = ["."]
  revision = "0cd6bf5da1e1c83f8b45653022c74f71af0538a4"
  version = "v1.1.1"

[solve-meta]
  analyzer-name = "dep"
  analyzer-version = 1
  inputs-digest = "b1cd11b8e2d57e77ba30559d2cc1f4add3981a7dfbe4eeab0c19d0622962f7cb"
  solver-name = "gps-cdcl"
  solver-version = 1
